
Microsoft Visual Studio Solution File, Format Version 12.00
# Visual Studio 15
Project("{FAE04EC0-301F-11D3-BF4B-00C04F79EFBC}") = "SuperControl", "SuperControl.csproj", "{6B618DDB-541E-4670-95B3-1D5709AE0D1B}"
EndProject
Project("{FAE04EC0-301F-11D3-BF4B-00C04F79EFBC}") = "SuperControl.Android", "..\SuperControl.Android\SuperControl.Android.csproj", "{5D258EBB-2293-4D81-BFA2-06671CDBA986}"
EndProject
Global
	GlobalSection(SolutionConfigurationPlatforms) = preSolution
		Debug|Any CPU = Debug|Any CPU
		Release|Any CPU = Release|Any CPU
	EndGlobalSection
	GlobalSection(ProjectConfigurationPlatforms) = postSolution
		{6B618DDB-541E-4670-95B3-1D5709AE0D1B}.Debug|Any CPU.ActiveCfg = Debug|Any CPU
		{6B618DDB-541E-4670-95B3-1D5709AE0D1B}.Debug|Any CPU.Build.0 = Debug|Any CPU
		{6B618DDB-541E-4670-95B3-1D5709AE0D1B}.Release|Any CPU.ActiveCfg = Release|Any CPU
		{6B618DDB-541E-4670-95B3-1D5709AE0D1B}.Release|Any CPU.Build.0 = Release|Any CPU
		{5D258EBB-2293-4D81-BFA2-06671CDBA986}.Debug|Any CPU.ActiveCfg = Debug|Any CPU
		{5D258EBB-2293-4D81-BFA2-06671CDBA986}.Debug|Any CPU.Build.0 = Debug|Any CPU
		{5D258EBB-2293-4D81-BFA2-06671CDBA986}.Release|Any CPU.ActiveCfg = Release|Any CPU
		{5D258EBB-2293-4D81-BFA2-06671CDBA986}.Release|Any CPU.Build.0 = Release|Any CPU
	EndGlobalSection
EndGlobal
